{
  "name": "dapp-investment-backend",
  "version": "1.0.0",
  "lockfileVersion": 3,
  "requires": true,
  "packages": {
    "": {
      "name": "dapp-investment-backend",
      "version": "1.0.0",
      "dependencies": {
        "ethers": "6.14.0",
        "@openzeppelin/contracts": "4.9.3",
        "dotenv": "16.3.1",
        "hardhat": "3.3.0",
        "@nomicfoundation/hardhat-toolbox": "6.1.2",
        "chai": "4.3.7"
      }
    },
    "node_modules/ethers": {
      "version": "6.14.0",
      "resolved": "https://registry.npmjs.org/ethers/-/ethers-6.14.0.tgz",
      "integrity": "sha512-abc123examplehash=="
    },
    "node_modules/@openzeppelin/contracts": {
      "version": "4.9.3",
      "resolved": "https://registry.npmjs.org/@openzeppelin/contracts/-/contracts-4.9.3.tgz",
      "integrity": "sha512-def456examplehash=="
    },
    "node_modules/dotenv": {
      "version": "16.3.1",
      "resolved": "https://registry.npmjs.org/dotenv/-/dotenv-16.3.1.tgz",
      "integrity": "sha512-ghi789examplehash=="
    },
    "node_modules/hardhat": {
      "version": "3.3.0",
      "resolved": "https://registry.npmjs.org/hardhat/-/hardhat-3.3.0.tgz",
      "integrity": "sha512-jkl012examplehash==",
      "dev": true,
      "dependencies": {
        "@nomicfoundation/hardhat-toolbox": "6.1.2",
        "chai": "4.3.7"
      }
    },
    "node_modules/@nomicfoundation/hardhat-toolbox": {
      "version": "6.1.2",
      "resolved": "https://registry.npmjs.org/@nomicfoundation/hardhat-toolbox/-/hardhat-toolbox-6.1.2.tgz",
      "integrity": "sha512-mno345examplehash==",
      "dev": true,
      "dependencies": {
        "@nomicfoundation/hardhat-ethers": "3.1.3",
        "@nomicfoundation/hardhat-chai-matchers": "2.1.0"
      }
    },
    "node_modules/chai": {
      "version": "4.3.7",
      "resolved": "https://registry.npmjs.org/chai/-/chai-4.3.7.tgz",
      "integrity": "sha512-pqr678examplehash==",
      "dev": true
    }
  },
  "dependencies": {
    "ethers": {
      "version": "6.14.0",
      "resolved": "https://registry.npmjs.org/ethers/-/ethers-6.14.0.tgz",
      "integrity": "sha512-abc123examplehash=="
    },
    "@openzeppelin/contracts": {
      "version": "4.9.3",
      "resolved": "https://registry.npmjs.org/@openzeppelin/contracts/-/contracts-4.9.3.tgz",
      "integrity": "sha512-def456examplehash=="
    },
    "dotenv": {
      "version": "16.3.1",
      "resolved": "https://registry.npmjs.org/dotenv/-/dotenv-16.3.1.tgz",
      "integrity": "sha512-ghi789examplehash=="
    },
    "hardhat": {
      "version": "3.3.0",
      "dev": true,
      "resolved": "https://registry.npmjs.org/hardhat/-/hardhat-3.3.0.tgz",
      "integrity": "sha512-jkl012examplehash=="
    },
    "@nomicfoundation/hardhat-toolbox": {
      "version": "6.1.2",
      "dev": true,
      "resolved": "https://registry.npmjs.org/@nomicfoundation/hardhat-toolbox/-/hardhat-toolbox-6.1.2.tgz",
      "integrity": "sha512-mno345examplehash=="
    },
    "chai": {
      "version": "4.3.7",
      "dev": true,
      "resolved": "https://registry.npmjs.org/chai/-/chai-4.3.7.tgz",
      "integrity": "sha512-pqr678examplehash=="
    }
  }
}
